
Microsoft Visual Studio Solution File, Format Version 12.00
# Visual Studio Version 17
VisualStudioVersion = 17.7.34031.279
MinimumVisualStudioVersion = 10.0.40219.1
Project("{FAE04EC0-301F-11D3-BF4B-00C04F79EFBC}") = "PRACTICA 4", "PRACTICA 4.csproj", "{C0E1CF8B-68EF-4F96-88D7-344D1ABBDF92}"
EndProject
Global
	GlobalSection(SolutionConfigurationPlatforms) = preSolution
		Debug|Any CPU = Debug|Any CPU
		Release|Any CPU = Release|Any CPU
	EndGlobalSection
	GlobalSection(ProjectConfigurationPlatforms) = postSolution
		{C0E1CF8B-68EF-4F96-88D7-344D1ABBDF92}.Debug|Any CPU.ActiveCfg = Debug|Any CPU
		{C0E1CF8B-68EF-4F96-88D7-344D1ABBDF92}.Debug|Any CPU.Build.0 = Debug|Any CPU
		{C0E1CF8B-68EF-4F96-88D7-344D1ABBDF92}.Release|Any CPU.ActiveCfg = Release|Any CPU
		{C0E1CF8B-68EF-4F96-88D7-344D1ABBDF92}.Release|Any CPU.Build.0 = Release|Any CPU
	EndGlobalSection
	GlobalSection(SolutionProperties) = preSolution
		HideSolutionNode = FALSE
	EndGlobalSection
	GlobalSection(ExtensibilityGlobals) = postSolution
		SolutionGuid = {7629F7A7-7484-428C-8691-F61C955E3B65}
	EndGlobalSection
EndGlobal
