
Microsoft Visual Studio Solution File, Format Version 12.00
# Visual Studio Version 17
VisualStudioVersion = 17.7.34031.279
MinimumVisualStudioVersion = 10.0.40219.1
Project("{FAE04EC0-301F-11D3-BF4B-00C04F79EFBC}") = "PRACTICA 8", "PRACTICA 8.csproj", "{8090CAE0-9C92-42C1-B5B7-52EBE1528D1D}"
EndProject
Global
	GlobalSection(SolutionConfigurationPlatforms) = preSolution
		Debug|Any CPU = Debug|Any CPU
		Release|Any CPU = Release|Any CPU
	EndGlobalSection
	GlobalSection(ProjectConfigurationPlatforms) = postSolution
		{8090CAE0-9C92-42C1-B5B7-52EBE1528D1D}.Debug|Any CPU.ActiveCfg = Debug|Any CPU
		{8090CAE0-9C92-42C1-B5B7-52EBE1528D1D}.Debug|Any CPU.Build.0 = Debug|Any CPU
		{8090CAE0-9C92-42C1-B5B7-52EBE1528D1D}.Release|Any CPU.ActiveCfg = Release|Any CPU
		{8090CAE0-9C92-42C1-B5B7-52EBE1528D1D}.Release|Any CPU.Build.0 = Release|Any CPU
	EndGlobalSection
	GlobalSection(SolutionProperties) = preSolution
		HideSolutionNode = FALSE
	EndGlobalSection
	GlobalSection(ExtensibilityGlobals) = postSolution
		SolutionGuid = {FCC354BC-B2A3-4DB6-865E-4BC7B1E47800}
	EndGlobalSection
EndGlobal
